
Microsoft Visual Studio Solution File, Format Version 12.00
# Visual Studio Version 17
VisualStudioVersion = 17.8.34004.107
MinimumVisualStudioVersion = 10.0.40219.1
Project("{FAE04EC0-301F-11D3-BF4B-00C04F79EFBC}") = "src", "src.csproj", "{712E0822-35E0-408A-B6D2-1C1C33366704}"
EndProject
Global
	GlobalSection(SolutionConfigurationPlatforms) = preSolution
		Debug|Any CPU = Debug|Any CPU
		Release|Any CPU = Release|Any CPU
	EndGlobalSection
	GlobalSection(ProjectConfigurationPlatforms) = postSolution
		{712E0822-35E0-408A-B6D2-1C1C33366704}.Debug|Any CPU.ActiveCfg = Debug|Any CPU
		{712E0822-35E0-408A-B6D2-1C1C33366704}.Debug|Any CPU.Build.0 = Debug|Any CPU
		{712E0822-35E0-408A-B6D2-1C1C33366704}.Release|Any CPU.ActiveCfg = Release|Any CPU
		{712E0822-35E0-408A-B6D2-1C1C33366704}.Release|Any CPU.Build.0 = Release|Any CPU
	EndGlobalSection
	GlobalSection(SolutionProperties) = preSolution
		HideSolutionNode = FALSE
	EndGlobalSection
	GlobalSection(ExtensibilityGlobals) = postSolution
		SolutionGuid = {C69961B0-BAB6-4DC8-90D2-52E251F24566}
	EndGlobalSection
EndGlobal
